
Microsoft Visual Studio Solution File, Format Version 12.00
# Visual Studio Version 17
VisualStudioVersion = 17.8.34408.163
MinimumVisualStudioVersion = 10.0.40219.1
Project("{FAE04EC0-301F-11D3-BF4B-00C04F79EFBC}") = "CreateClass(AdminPannel)", "CreateClass(AdminPannel)\CreateClass(AdminPannel).csproj", "{E3135CB6-BDE6-48F3-AFAF-7A82263BEA00}"
EndProject
Global
	GlobalSection(SolutionConfigurationPlatforms) = preSolution
		Debug|Any CPU = Debug|Any CPU
		Release|Any CPU = Release|Any CPU
	EndGlobalSection
	GlobalSection(ProjectConfigurationPlatforms) = postSolution
		{E3135CB6-BDE6-48F3-AFAF-7A82263BEA00}.Debug|Any CPU.ActiveCfg = Debug|Any CPU
		{E3135CB6-BDE6-48F3-AFAF-7A82263BEA00}.Debug|Any CPU.Build.0 = Debug|Any CPU
		{E3135CB6-BDE6-48F3-AFAF-7A82263BEA00}.Release|Any CPU.ActiveCfg = Release|Any CPU
		{E3135CB6-BDE6-48F3-AFAF-7A82263BEA00}.Release|Any CPU.Build.0 = Release|Any CPU
	EndGlobalSection
	GlobalSection(SolutionProperties) = preSolution
		HideSolutionNode = FALSE
	EndGlobalSection
	GlobalSection(ExtensibilityGlobals) = postSolution
		SolutionGuid = {B1E76FB5-03D2-471B-80BB-21D3AC322E73}
	EndGlobalSection
EndGlobal
